
Microsoft Visual Studio Solution File, Format Version 12.00
# Visual Studio Version 17
Project("{2150E333-8FDC-42A3-9474-1A3956D46DE8}") = "CMakePredefinedTargets", "CMakePredefinedTargets", "{0CC1A703-3005-31AC-88F3-13D036805927}"
EndProject
Project("{2150E333-8FDC-42A3-9474-1A3956D46DE8}") = "GLFW3", "GLFW3", "{AC2AEBF0-137C-32B6-893D-8CDE7E9B45C0}"
EndProject
Project("{2150E333-8FDC-42A3-9474-1A3956D46DE8}") = "Examples", "GLFW3\Examples", "{3C756914-378B-3BA9-8984-1519B6B41487}"
EndProject
Project("{2150E333-8FDC-42A3-9474-1A3956D46DE8}") = "Tests", "GLFW3\Tests", "{E0A2EA63-4EDC-32B8-BC83-83054FB125CF}"
EndProject
Project("{8BC9CEB8-8B4A-11D0-8D11-00A0C91BC942}") = "ALL_BUILD", "ALL_BUILD.vcxproj", "{EDE58C73-A84E-36F2-9BB5-F2A51290F542}"
	ProjectSection(ProjectDependencies) = postProject
		{32982B2D-2CFF-3334-8759-D3EACBF9D6A2} = {32982B2D-2CFF-3334-8759-D3EACBF9D6A2}
		{6D4951C9-E37D-3077-8ADB-950799E99FBD} = {6D4951C9-E37D-3077-8ADB-950799E99FBD}
		{D336DFC2-0F36-3281-AA22-529F834DAB99} = {D336DFC2-0F36-3281-AA22-529F834DAB99}
		{352D3BF5-CC16-37DF-8B83-ADE09B41F6FC} = {352D3BF5-CC16-37DF-8B83-ADE09B41F6FC}
		{C010BF00-3D3D-3D78-AA96-6D023F71EB61} = {C010BF00-3D3D-3D78-AA96-6D023F71EB61}
		{BDA170F7-855F-3980-8283-1A3C40C96961} = {BDA170F7-855F-3980-8283-1A3C40C96961}
		{06722E4F-4D02-3C04-BA17-A3E890FF38BE} = {06722E4F-4D02-3C04-BA17-A3E890FF38BE}
		{4C65C598-BD85-3D4A-983A-43DAEA6E1F69} = {4C65C598-BD85-3D4A-983A-43DAEA6E1F69}
		{7D53FA65-9C11-35E6-BE0F-ED5DCCD5E902} = {7D53FA65-9C11-35E6-BE0F-ED5DCCD5E902}
		{D8EEA45D-B993-3598-BEAF-125DF3472FF5} = {D8EEA45D-B993-3598-BEAF-125DF3472FF5}
		{B071219A-E5F0-308B-9718-2A08BD6C3185} = {B071219A-E5F0-308B-9718-2A08BD6C3185}
		{DF920C46-81EC-3D39-BC60-598AFCFDD7BE} = {DF920C46-81EC-3D39-BC60-598AFCFDD7BE}
		{1E3154BC-ABA0-3687-97B7-29FC15B4B801} = {1E3154BC-ABA0-3687-97B7-29FC15B4B801}
		{35191878-0888-3908-B043-03E11478F2D0} = {35191878-0888-3908-B043-03E11478F2D0}
		{C679CA13-DC01-3085-9FE6-4E511E0586D6} = {C679CA13-DC01-3085-9FE6-4E511E0586D6}
		{E1E17E66-B710-3ABB-B665-D6B0DA059AF0} = {E1E17E66-B710-3ABB-B665-D6B0DA059AF0}
		{C75DF4B7-6D6C-30B2-9310-460803CD6450} = {C75DF4B7-6D6C-30B2-9310-460803CD6450}
		{A49D5B68-651C-3F4A-95D8-97A2050783BF} = {A49D5B68-651C-3F4A-95D8-97A2050783BF}
		{7EE9C8CA-A8A7-3DDF-8B52-C68C1AF1AB7F} = {7EE9C8CA-A8A7-3DDF-8B52-C68C1AF1AB7F}
		{4642019D-6832-3792-A1AE-D0DA05F28981} = {4642019D-6832-3792-A1AE-D0DA05F28981}
		{0B77BA1D-5EAB-3AA2-A609-3807C2BF4241} = {0B77BA1D-5EAB-3AA2-A609-3807C2BF4241}
		{5E9D5AC1-651E-3497-B8AC-76507BD9D0C8} = {5E9D5AC1-651E-3497-B8AC-76507BD9D0C8}
		{252ADB42-8DF5-3D98-BB3E-FBEC42427866} = {252ADB42-8DF5-3D98-BB3E-FBEC42427866}
		{BB0D4B7C-27F2-3AE9-82DD-41B4A7EF9D29} = {BB0D4B7C-27F2-3AE9-82DD-41B4A7EF9D29}
		{B237D230-55F3-31BD-9846-F00E6F641888} = {B237D230-55F3-31BD-9846-F00E6F641888}
		{E5D45498-C4C6-3418-A1FB-309C470D88FE} = {E5D45498-C4C6-3418-A1FB-309C470D88FE}
		{C3FF7F4E-DC0A-3E62-A5D8-9478B16D250C} = {C3FF7F4E-DC0A-3E62-A5D8-9478B16D250C}
		{79FC75C6-3A67-3EEE-B00D-FB0936EBAE0A} = {79FC75C6-3A67-3EEE-B00D-FB0936EBAE0A}
		{C165FF60-438B-3140-A445-098100B11201} = {C165FF60-438B-3140-A445-098100B11201}
		{F2889497-961D-3A04-880F-71D15E3B17AF} = {F2889497-961D-3A04-880F-71D15E3B17AF}
		{8CF4336D-4491-36F0-8575-D6A40C8BEB99} = {8CF4336D-4491-36F0-8575-D6A40C8BEB99}
	EndProjectSection
EndProject
Project("{8BC9CEB8-8B4A-11D0-8D11-00A0C91BC942}") = "INSTALL", "INSTALL.vcxproj", "{22A43439-AE25-30AC-AB9B-F31D3E8C2B20}"
	ProjectSection(ProjectDependencies) = postProject
		{EDE58C73-A84E-36F2-9BB5-F2A51290F542} = {EDE58C73-A84E-36F2-9BB5-F2A51290F542}
		{32982B2D-2CFF-3334-8759-D3EACBF9D6A2} = {32982B2D-2CFF-3334-8759-D3EACBF9D6A2}
	EndProjectSection
EndProject
Project("{8BC9CEB8-8B4A-11D0-8D11-00A0C91BC942}") = "ZERO_CHECK", "ZERO_CHECK.vcxproj", "{32982B2D-2CFF-3334-8759-D3EACBF9D6A2}"
	ProjectSection(ProjectDependencies) = postProject
	EndProjectSection
EndProject
Project("{8BC9CEB8-8B4A-11D0-8D11-00A0C91BC942}") = "boing", "examples\boing.vcxproj", "{6D4951C9-E37D-3077-8ADB-950799E99FBD}"
	ProjectSection(ProjectDependencies) = postProject
		{32982B2D-2CFF-3334-8759-D3EACBF9D6A2} = {32982B2D-2CFF-3334-8759-D3EACBF9D6A2}
		{7D53FA65-9C11-35E6-BE0F-ED5DCCD5E902} = {7D53FA65-9C11-35E6-BE0F-ED5DCCD5E902}
	EndProjectSection
EndProject
Project("{8BC9CEB8-8B4A-11D0-8D11-00A0C91BC942}") = "clipboard", "tests\clipboard.vcxproj", "{D336DFC2-0F36-3281-AA22-529F834DAB99}"
	ProjectSection(ProjectDependencies) = postProject
		{32982B2D-2CFF-3334-8759-D3EACBF9D6A2} = {32982B2D-2CFF-3334-8759-D3EACBF9D6A2}
		{7D53FA65-9C11-35E6-BE0F-ED5DCCD5E902} = {7D53FA65-9C11-35E6-BE0F-ED5DCCD5E902}
	EndProjectSection
EndProject
Project("{8BC9CEB8-8B4A-11D0-8D11-00A0C91BC942}") = "cursor", "tests\cursor.vcxproj", "{352D3BF5-CC16-37DF-8B83-ADE09B41F6FC}"
	ProjectSection(ProjectDependencies) = postProject
		{32982B2D-2CFF-3334-8759-D3EACBF9D6A2} = {32982B2D-2CFF-3334-8759-D3EACBF9D6A2}
		{7D53FA65-9C11-35E6-BE0F-ED5DCCD5E902} = {7D53FA65-9C11-35E6-BE0F-ED5DCCD5E902}
	EndProjectSection
EndProject
Project("{8BC9CEB8-8B4A-11D0-8D11-00A0C91BC942}") = "empty", "tests\empty.vcxproj", "{C010BF00-3D3D-3D78-AA96-6D023F71EB61}"
	ProjectSection(ProjectDependencies) = postProject
		{32982B2D-2CFF-3334-8759-D3EACBF9D6A2} = {32982B2D-2CFF-3334-8759-D3EACBF9D6A2}
		{7D53FA65-9C11-35E6-BE0F-ED5DCCD5E902} = {7D53FA65-9C11-35E6-BE0F-ED5DCCD5E902}
	EndProjectSection
EndProject
Project("{8BC9CEB8-8B4A-11D0-8D11-00A0C91BC942}") = "events", "tests\events.vcxproj", "{BDA170F7-855F-3980-8283-1A3C40C96961}"
	ProjectSection(ProjectDependencies) = postProject
		{32982B2D-2CFF-3334-8759-D3EACBF9D6A2} = {32982B2D-2CFF-3334-8759-D3EACBF9D6A2}
		{7D53FA65-9C11-35E6-BE0F-ED5DCCD5E902} = {7D53FA65-9C11-35E6-BE0F-ED5DCCD5E902}
	EndProjectSection
EndProject
Project("{8BC9CEB8-8B4A-11D0-8D11-00A0C91BC942}") = "gamma", "tests\gamma.vcxproj", "{06722E4F-4D02-3C04-BA17-A3E890FF38BE}"
	ProjectSection(ProjectDependencies) = postProject
		{32982B2D-2CFF-3334-8759-D3EACBF9D6A2} = {32982B2D-2CFF-3334-8759-D3EACBF9D6A2}
		{7D53FA65-9C11-35E6-BE0F-ED5DCCD5E902} = {7D53FA65-9C11-35E6-BE0F-ED5DCCD5E902}
	EndProjectSection
EndProject
Project("{8BC9CEB8-8B4A-11D0-8D11-00A0C91BC942}") = "gears", "examples\gears.vcxproj", "{4C65C598-BD85-3D4A-983A-43DAEA6E1F69}"
	ProjectSection(ProjectDependencies) = postProject
		{32982B2D-2CFF-3334-8759-D3EACBF9D6A2} = {32982B2D-2CFF-3334-8759-D3EACBF9D6A2}
		{7D53FA65-9C11-35E6-BE0F-ED5DCCD5E902} = {7D53FA65-9C11-35E6-BE0F-ED5DCCD5E902}
	EndProjectSection
EndProject
Project("{8BC9CEB8-8B4A-11D0-8D11-00A0C91BC942}") = "glfw", "src\glfw.vcxproj", "{7D53FA65-9C11-35E6-BE0F-ED5DCCD5E902}"
	ProjectSection(ProjectDependencies) = postProject
		{32982B2D-2CFF-3334-8759-D3EACBF9D6A2} = {32982B2D-2CFF-3334-8759-D3EACBF9D6A2}
	EndProjectSection
EndProject
Project("{8BC9CEB8-8B4A-11D0-8D11-00A0C91BC942}") = "glfwinfo", "tests\glfwinfo.vcxproj", "{D8EEA45D-B993-3598-BEAF-125DF3472FF5}"
	ProjectSection(ProjectDependencies) = postProject
		{32982B2D-2CFF-3334-8759-D3EACBF9D6A2} = {32982B2D-2CFF-3334-8759-D3EACBF9D6A2}
		{7D53FA65-9C11-35E6-BE0F-ED5DCCD5E902} = {7D53FA65-9C11-35E6-BE0F-ED5DCCD5E902}
	EndProjectSection
EndProject
Project("{8BC9CEB8-8B4A-11D0-8D11-00A0C91BC942}") = "heightmap", "examples\heightmap.vcxproj", "{B071219A-E5F0-308B-9718-2A08BD6C3185}"
	ProjectSection(ProjectDependencies) = postProject
		{32982B2D-2CFF-3334-8759-D3EACBF9D6A2} = {32982B2D-2CFF-3334-8759-D3EACBF9D6A2}
		{7D53FA65-9C11-35E6-BE0F-ED5DCCD5E902} = {7D53FA65-9C11-35E6-BE0F-ED5DCCD5E902}
	EndProjectSection
EndProject
Project("{8BC9CEB8-8B4A-11D0-8D11-00A0C91BC942}") = "icon", "tests\icon.vcxproj", "{DF920C46-81EC-3D39-BC60-598AFCFDD7BE}"
	ProjectSection(ProjectDependencies) = postProject
		{32982B2D-2CFF-3334-8759-D3EACBF9D6A2} = {32982B2D-2CFF-3334-8759-D3EACBF9D6A2}
		{7D53FA65-9C11-35E6-BE0F-ED5DCCD5E902} = {7D53FA65-9C11-35E6-BE0F-ED5DCCD5E902}
	EndProjectSection
EndProject
Project("{8BC9CEB8-8B4A-11D0-8D11-00A0C91BC942}") = "iconify", "tests\iconify.vcxproj", "{1E3154BC-ABA0-3687-97B7-29FC15B4B801}"
	ProjectSection(ProjectDependencies) = postProject
		{32982B2D-2CFF-3334-8759-D3EACBF9D6A2} = {32982B2D-2CFF-3334-8759-D3EACBF9D6A2}
		{7D53FA65-9C11-35E6-BE0F-ED5DCCD5E902} = {7D53FA65-9C11-35E6-BE0F-ED5DCCD5E902}
	EndProjectSection
EndProject
Project("{8BC9CEB8-8B4A-11D0-8D11-00A0C91BC942}") = "inputlag", "tests\inputlag.vcxproj", "{35191878-0888-3908-B043-03E11478F2D0}"
	ProjectSection(ProjectDependencies) = postProject
		{32982B2D-2CFF-3334-8759-D3EACBF9D6A2} = {32982B2D-2CFF-3334-8759-D3EACBF9D6A2}
		{7D53FA65-9C11-35E6-BE0F-ED5DCCD5E902} = {7D53FA65-9C11-35E6-BE0F-ED5DCCD5E902}
	EndProjectSection
EndProject
Project("{8BC9CEB8-8B4A-11D0-8D11-00A0C91BC942}") = "joysticks", "tests\joysticks.vcxproj", "{C679CA13-DC01-3085-9FE6-4E511E0586D6}"
	ProjectSection(ProjectDependencies) = postProject
		{32982B2D-2CFF-3334-8759-D3EACBF9D6A2} = {32982B2D-2CFF-3334-8759-D3EACBF9D6A2}
		{7D53FA65-9C11-35E6-BE0F-ED5DCCD5E902} = {7D53FA65-9C11-35E6-BE0F-ED5DCCD5E902}
	EndProjectSection
EndProject
Project("{8BC9CEB8-8B4A-11D0-8D11-00A0C91BC942}") = "monitors", "tests\monitors.vcxproj", "{E1E17E66-B710-3ABB-B665-D6B0DA059AF0}"
	ProjectSection(ProjectDependencies) = postProject
		{32982B2D-2CFF-3334-8759-D3EACBF9D6A2} = {32982B2D-2CFF-3334-8759-D3EACBF9D6A2}
		{7D53FA65-9C11-35E6-BE0F-ED5DCCD5E902} = {7D53FA65-9C11-35E6-BE0F-ED5DCCD5E902}
	EndProjectSection
EndProject
Project("{8BC9CEB8-8B4A-11D0-8D11-00A0C91BC942}") = "msaa", "tests\msaa.vcxproj", "{C75DF4B7-6D6C-30B2-9310-460803CD6450}"
	ProjectSection(ProjectDependencies) = postProject
		{32982B2D-2CFF-3334-8759-D3EACBF9D6A2} = {32982B2D-2CFF-3334-8759-D3EACBF9D6A2}
		{7D53FA65-9C11-35E6-BE0F-ED5DCCD5E902} = {7D53FA65-9C11-35E6-BE0F-ED5DCCD5E902}
	EndProjectSection
EndProject
Project("{8BC9CEB8-8B4A-11D0-8D11-00A0C91BC942}") = "offscreen", "examples\offscreen.vcxproj", "{A49D5B68-651C-3F4A-95D8-97A2050783BF}"
	ProjectSection(ProjectDependencies) = postProject
		{32982B2D-2CFF-3334-8759-D3EACBF9D6A2} = {32982B2D-2CFF-3334-8759-D3EACBF9D6A2}
		{7D53FA65-9C11-35E6-BE0F-ED5DCCD5E902} = {7D53FA65-9C11-35E6-BE0F-ED5DCCD5E902}
	EndProjectSection
EndProject
Project("{8BC9CEB8-8B4A-11D0-8D11-00A0C91BC942}") = "opacity", "tests\opacity.vcxproj", "{7EE9C8CA-A8A7-3DDF-8B52-C68C1AF1AB7F}"
	ProjectSection(ProjectDependencies) = postProject
		{32982B2D-2CFF-3334-8759-D3EACBF9D6A2} = {32982B2D-2CFF-3334-8759-D3EACBF9D6A2}
		{7D53FA65-9C11-35E6-BE0F-ED5DCCD5E902} = {7D53FA65-9C11-35E6-BE0F-ED5DCCD5E902}
	EndProjectSection
EndProject
Project("{8BC9CEB8-8B4A-11D0-8D11-00A0C91BC942}") = "particles", "examples\particles.vcxproj", "{4642019D-6832-3792-A1AE-D0DA05F28981}"
	ProjectSection(ProjectDependencies) = postProject
		{32982B2D-2CFF-3334-8759-D3EACBF9D6A2} = {32982B2D-2CFF-3334-8759-D3EACBF9D6A2}
		{7D53FA65-9C11-35E6-BE0F-ED5DCCD5E902} = {7D53FA65-9C11-35E6-BE0F-ED5DCCD5E902}
	EndProjectSection
EndProject
Project("{8BC9CEB8-8B4A-11D0-8D11-00A0C91BC942}") = "reopen", "tests\reopen.vcxproj", "{0B77BA1D-5EAB-3AA2-A609-3807C2BF4241}"
	ProjectSection(ProjectDependencies) = postProject
		{32982B2D-2CFF-3334-8759-D3EACBF9D6A2} = {32982B2D-2CFF-3334-8759-D3EACBF9D6A2}
		{7D53FA65-9C11-35E6-BE0F-ED5DCCD5E902} = {7D53FA65-9C11-35E6-BE0F-ED5DCCD5E902}
	EndProjectSection
EndProject
Project("{8BC9CEB8-8B4A-11D0-8D11-00A0C91BC942}") = "sharing", "examples\sharing.vcxproj", "{5E9D5AC1-651E-3497-B8AC-76507BD9D0C8}"
	ProjectSection(ProjectDependencies) = postProject
		{32982B2D-2CFF-3334-8759-D3EACBF9D6A2} = {32982B2D-2CFF-3334-8759-D3EACBF9D6A2}
		{7D53FA65-9C11-35E6-BE0F-ED5DCCD5E902} = {7D53FA65-9C11-35E6-BE0F-ED5DCCD5E902}
	EndProjectSection
EndProject
Project("{8BC9CEB8-8B4A-11D0-8D11-00A0C91BC942}") = "simple", "examples\simple.vcxproj", "{252ADB42-8DF5-3D98-BB3E-FBEC42427866}"
	ProjectSection(ProjectDependencies) = postProject
		{32982B2D-2CFF-3334-8759-D3EACBF9D6A2} = {32982B2D-2CFF-3334-8759-D3EACBF9D6A2}
		{7D53FA65-9C11-35E6-BE0F-ED5DCCD5E902} = {7D53FA65-9C11-35E6-BE0F-ED5DCCD5E902}
	EndProjectSection
EndProject
Project("{8BC9CEB8-8B4A-11D0-8D11-00A0C91BC942}") = "splitview", "examples\splitview.vcxproj", "{BB0D4B7C-27F2-3AE9-82DD-41B4A7EF9D29}"
	ProjectSection(ProjectDependencies) = postProject
		{32982B2D-2CFF-3334-8759-D3EACBF9D6A2} = {32982B2D-2CFF-3334-8759-D3EACBF9D6A2}
		{7D53FA65-9C11-35E6-BE0F-ED5DCCD5E902} = {7D53FA65-9C11-35E6-BE0F-ED5DCCD5E902}
	EndProjectSection
EndProject
Project("{8BC9CEB8-8B4A-11D0-8D11-00A0C91BC942}") = "tearing", "tests\tearing.vcxproj", "{B237D230-55F3-31BD-9846-F00E6F641888}"
	ProjectSection(ProjectDependencies) = postProject
		{32982B2D-2CFF-3334-8759-D3EACBF9D6A2} = {32982B2D-2CFF-3334-8759-D3EACBF9D6A2}
		{7D53FA65-9C11-35E6-BE0F-ED5DCCD5E902} = {7D53FA65-9C11-35E6-BE0F-ED5DCCD5E902}
	EndProjectSection
EndProject
Project("{8BC9CEB8-8B4A-11D0-8D11-00A0C91BC942}") = "threads", "tests\threads.vcxproj", "{E5D45498-C4C6-3418-A1FB-309C470D88FE}"
	ProjectSection(ProjectDependencies) = postProject
		{32982B2D-2CFF-3334-8759-D3EACBF9D6A2} = {32982B2D-2CFF-3334-8759-D3EACBF9D6A2}
		{7D53FA65-9C11-35E6-BE0F-ED5DCCD5E902} = {7D53FA65-9C11-35E6-BE0F-ED5DCCD5E902}
	EndProjectSection
EndProject
Project("{8BC9CEB8-8B4A-11D0-8D11-00A0C91BC942}") = "timeout", "tests\timeout.vcxproj", "{C3FF7F4E-DC0A-3E62-A5D8-9478B16D250C}"
	ProjectSection(ProjectDependencies) = postProject
		{32982B2D-2CFF-3334-8759-D3EACBF9D6A2} = {32982B2D-2CFF-3334-8759-D3EACBF9D6A2}
		{7D53FA65-9C11-35E6-BE0F-ED5DCCD5E902} = {7D53FA65-9C11-35E6-BE0F-ED5DCCD5E902}
	EndProjectSection
EndProject
Project("{8BC9CEB8-8B4A-11D0-8D11-00A0C91BC942}") = "title", "tests\title.vcxproj", "{79FC75C6-3A67-3EEE-B00D-FB0936EBAE0A}"
	ProjectSection(ProjectDependencies) = postProject
		{32982B2D-2CFF-3334-8759-D3EACBF9D6A2} = {32982B2D-2CFF-3334-8759-D3EACBF9D6A2}
		{7D53FA65-9C11-35E6-BE0F-ED5DCCD5E902} = {7D53FA65-9C11-35E6-BE0F-ED5DCCD5E902}
	EndProjectSection
EndProject
Project("{8BC9CEB8-8B4A-11D0-8D11-00A0C91BC942}") = "triangle-vulkan", "tests\triangle-vulkan.vcxproj", "{C165FF60-438B-3140-A445-098100B11201}"
	ProjectSection(ProjectDependencies) = postProject
		{32982B2D-2CFF-3334-8759-D3EACBF9D6A2} = {32982B2D-2CFF-3334-8759-D3EACBF9D6A2}
		{7D53FA65-9C11-35E6-BE0F-ED5DCCD5E902} = {7D53FA65-9C11-35E6-BE0F-ED5DCCD5E902}
	EndProjectSection
EndProject
Project("{8BC9CEB8-8B4A-11D0-8D11-00A0C91BC942}") = "uninstall", "uninstall.vcxproj", "{49F2CDB9-2A1E-32CD-AC55-A6CE7AE79895}"
	ProjectSection(ProjectDependencies) = postProject
		{32982B2D-2CFF-3334-8759-D3EACBF9D6A2} = {32982B2D-2CFF-3334-8759-D3EACBF9D6A2}
	EndProjectSection
EndProject
Project("{8BC9CEB8-8B4A-11D0-8D11-00A0C91BC942}") = "update_mappings", "src\update_mappings.vcxproj", "{246AFA24-2BB6-39E8-BB63-0CFD2666801F}"
	ProjectSection(ProjectDependencies) = postProject
		{32982B2D-2CFF-3334-8759-D3EACBF9D6A2} = {32982B2D-2CFF-3334-8759-D3EACBF9D6A2}
	EndProjectSection
EndProject
Project("{8BC9CEB8-8B4A-11D0-8D11-00A0C91BC942}") = "wave", "examples\wave.vcxproj", "{F2889497-961D-3A04-880F-71D15E3B17AF}"
	ProjectSection(ProjectDependencies) = postProject
		{32982B2D-2CFF-3334-8759-D3EACBF9D6A2} = {32982B2D-2CFF-3334-8759-D3EACBF9D6A2}
		{7D53FA65-9C11-35E6-BE0F-ED5DCCD5E902} = {7D53FA65-9C11-35E6-BE0F-ED5DCCD5E902}
	EndProjectSection
EndProject
Project("{8BC9CEB8-8B4A-11D0-8D11-00A0C91BC942}") = "windows", "tests\windows.vcxproj", "{8CF4336D-4491-36F0-8575-D6A40C8BEB99}"
	ProjectSection(ProjectDependencies) = postProject
		{32982B2D-2CFF-3334-8759-D3EACBF9D6A2} = {32982B2D-2CFF-3334-8759-D3EACBF9D6A2}
		{7D53FA65-9C11-35E6-BE0F-ED5DCCD5E902} = {7D53FA65-9C11-35E6-BE0F-ED5DCCD5E902}
	EndProjectSection
EndProject
Global
	GlobalSection(SolutionConfigurationPlatforms) = preSolution
		Debug|x64 = Debug|x64
		Release|x64 = Release|x64
		MinSizeRel|x64 = MinSizeRel|x64
		RelWithDebInfo|x64 = RelWithDebInfo|x64
	EndGlobalSection
	GlobalSection(ProjectConfigurationPlatforms) = postSolution
		{EDE58C73-A84E-36F2-9BB5-F2A51290F542}.Debug|x64.ActiveCfg = Debug|x64
		{EDE58C73-A84E-36F2-9BB5-F2A51290F542}.Debug|x64.Build.0 = Debug|x64
		{EDE58C73-A84E-36F2-9BB5-F2A51290F542}.Release|x64.ActiveCfg = Release|x64
		{EDE58C73-A84E-36F2-9BB5-F2A51290F542}.Release|x64.Build.0 = Release|x64
		{EDE58C73-A84E-36F2-9BB5-F2A51290F542}.MinSizeRel|x64.ActiveCfg = MinSizeRel|x64
		{EDE58C73-A84E-36F2-9BB5-F2A51290F542}.MinSizeRel|x64.Build.0 = MinSizeRel|x64
		{EDE58C73-A84E-36F2-9BB5-F2A51290F542}.RelWithDebInfo|x64.ActiveCfg = RelWithDebInfo|x64
		{EDE58C73-A84E-36F2-9BB5-F2A51290F542}.RelWithDebInfo|x64.Build.0 = RelWithDebInfo|x64
		{22A43439-AE25-30AC-AB9B-F31D3E8C2B20}.Debug|x64.ActiveCfg = Debug|x64
		{22A43439-AE25-30AC-AB9B-F31D3E8C2B20}.Release|x64.ActiveCfg = Release|x64
		{22A43439-AE25-30AC-AB9B-F31D3E8C2B20}.MinSizeRel|x64.ActiveCfg = MinSizeRel|x64
		{22A43439-AE25-30AC-AB9B-F31D3E8C2B20}.RelWithDebInfo|x64.ActiveCfg = RelWithDebInfo|x64
		{32982B2D-2CFF-3334-8759-D3EACBF9D6A2}.Debug|x64.ActiveCfg = Debug|x64
		{32982B2D-2CFF-3334-8759-D3EACBF9D6A2}.Debug|x64.Build.0 = Debug|x64
		{32982B2D-2CFF-3334-8759-D3EACBF9D6A2}.Release|x64.ActiveCfg = Release|x64
		{32982B2D-2CFF-3334-8759-D3EACBF9D6A2}.Release|x64.Build.0 = Release|x64
		{32982B2D-2CFF-3334-8759-D3EACBF9D6A2}.MinSizeRel|x64.ActiveCfg = MinSizeRel|x64
		{32982B2D-2CFF-3334-8759-D3EACBF9D6A2}.MinSizeRel|x64.Build.0 = MinSizeRel|x64
		{32982B2D-2CFF-3334-8759-D3EACBF9D6A2}.RelWithDebInfo|x64.ActiveCfg = RelWithDebInfo|x64
		{32982B2D-2CFF-3334-8759-D3EACBF9D6A2}.RelWithDebInfo|x64.Build.0 = RelWithDebInfo|x64
		{6D4951C9-E37D-3077-8ADB-950799E99FBD}.Debug|x64.ActiveCfg = Debug|x64
		{6D4951C9-E37D-3077-8ADB-950799E99FBD}.Debug|x64.Build.0 = Debug|x64
		{6D4951C9-E37D-3077-8ADB-950799E99FBD}.Release|x64.ActiveCfg = Release|x64
		{6D4951C9-E37D-3077-8ADB-950799E99FBD}.Release|x64.Build.0 = Release|x64
		{6D4951C9-E37D-3077-8ADB-950799E99FBD}.MinSizeRel|x64.ActiveCfg = MinSizeRel|x64
		{6D4951C9-E37D-3077-8ADB-950799E99FBD}.MinSizeRel|x64.Build.0 = MinSizeRel|x64
		{6D4951C9-E37D-3077-8ADB-950799E99FBD}.RelWithDebInfo|x64.ActiveCfg = RelWithDebInfo|x64
		{6D4951C9-E37D-3077-8ADB-950799E99FBD}.RelWithDebInfo|x64.Build.0 = RelWithDebInfo|x64
		{D336DFC2-0F36-3281-AA22-529F834DAB99}.Debug|x64.ActiveCfg = Debug|x64
		{D336DFC2-0F36-3281-AA22-529F834DAB99}.Debug|x64.Build.0 = Debug|x64
		{D336DFC2-0F36-3281-AA22-529F834DAB99}.Release|x64.ActiveCfg = Release|x64
		{D336DFC2-0F36-3281-AA22-529F834DAB99}.Release|x64.Build.0 = Release|x64
		{D336DFC2-0F36-3281-AA22-529F834DAB99}.MinSizeRel|x64.ActiveCfg = MinSizeRel|x64
		{D336DFC2-0F36-3281-AA22-529F834DAB99}.MinSizeRel|x64.Build.0 = MinSizeRel|x64
		{D336DFC2-0F36-3281-AA22-529F834DAB99}.RelWithDebInfo|x64.ActiveCfg = RelWithDebInfo|x64
		{D336DFC2-0F36-3281-AA22-529F834DAB99}.RelWithDebInfo|x64.Build.0 = RelWithDebInfo|x64
		{352D3BF5-CC16-37DF-8B83-ADE09B41F6FC}.Debug|x64.ActiveCfg = Debug|x64
		{352D3BF5-CC16-37DF-8B83-ADE09B41F6FC}.Debug|x64.Build.0 = Debug|x64
		{352D3BF5-CC16-37DF-8B83-ADE09B41F6FC}.Release|x64.ActiveCfg = Release|x64
		{352D3BF5-CC16-37DF-8B83-ADE09B41F6FC}.Release|x64.Build.0 = Release|x64
		{352D3BF5-CC16-37DF-8B83-ADE09B41F6FC}.MinSizeRel|x64.ActiveCfg = MinSizeRel|x64
		{352D3BF5-CC16-37DF-8B83-ADE09B41F6FC}.MinSizeRel|x64.Build.0 = MinSizeRel|x64
		{352D3BF5-CC16-37DF-8B83-ADE09B41F6FC}.RelWithDebInfo|x64.ActiveCfg = RelWithDebInfo|x64
		{352D3BF5-CC16-37DF-8B83-ADE09B41F6FC}.RelWithDebInfo|x64.Build.0 = RelWithDebInfo|x64
		{C010BF00-3D3D-3D78-AA96-6D023F71EB61}.Debug|x64.ActiveCfg = Debug|x64
		{C010BF00-3D3D-3D78-AA96-6D023F71EB61}.Debug|x64.Build.0 = Debug|x64
		{C010BF00-3D3D-3D78-AA96-6D023F71EB61}.Release|x64.ActiveCfg = Release|x64
		{C010BF00-3D3D-3D78-AA96-6D023F71EB61}.Release|x64.Build.0 = Release|x64
		{C010BF00-3D3D-3D78-AA96-6D023F71EB61}.MinSizeRel|x64.ActiveCfg = MinSizeRel|x64
		{C010BF00-3D3D-3D78-AA96-6D023F71EB61}.MinSizeRel|x64.Build.0 = MinSizeRel|x64
		{C010BF00-3D3D-3D78-AA96-6D023F71EB61}.RelWithDebInfo|x64.ActiveCfg = RelWithDebInfo|x64
		{C010BF00-3D3D-3D78-AA96-6D023F71EB61}.RelWithDebInfo|x64.Build.0 = RelWithDebInfo|x64
		{BDA170F7-855F-3980-8283-1A3C40C96961}.Debug|x64.ActiveCfg = Debug|x64
		{BDA170F7-855F-3980-8283-1A3C40C96961}.Debug|x64.Build.0 = Debug|x64
		{BDA170F7-855F-3980-8283-1A3C40C96961}.Release|x64.ActiveCfg = Release|x64
		{BDA170F7-855F-3980-8283-1A3C40C96961}.Release|x64.Build.0 = Release|x64
		{BDA170F7-855F-3980-8283-1A3C40C96961}.MinSizeRel|x64.ActiveCfg = MinSizeRel|x64
		{BDA170F7-855F-3980-8283-1A3C40C96961}.MinSizeRel|x64.Build.0 = MinSizeRel|x64
		{BDA170F7-855F-3980-8283-1A3C40C96961}.RelWithDebInfo|x64.ActiveCfg = RelWithDebInfo|x64
		{BDA170F7-855F-3980-8283-1A3C40C96961}.RelWithDebInfo|x64.Build.0 = RelWithDebInfo|x64
		{06722E4F-4D02-3C04-BA17-A3E890FF38BE}.Debug|x64.ActiveCfg = Debug|x64
		{06722E4F-4D02-3C04-BA17-A3E890FF38BE}.Debug|x64.Build.0 = Debug|x64
		{06722E4F-4D02-3C04-BA17-A3E890FF38BE}.Release|x64.ActiveCfg = Release|x64
		{06722E4F-4D02-3C04-BA17-A3E890FF38BE}.Release|x64.Build.0 = Release|x64
		{06722E4F-4D02-3C04-BA17-A3E890FF38BE}.MinSizeRel|x64.ActiveCfg = MinSizeRel|x64
		{06722E4F-4D02-3C04-BA17-A3E890FF38BE}.MinSizeRel|x64.Build.0 = MinSizeRel|x64
		{06722E4F-4D02-3C04-BA17-A3E890FF38BE}.RelWithDebInfo|x64.ActiveCfg = RelWithDebInfo|x64
		{06722E4F-4D02-3C04-BA17-A3E890FF38BE}.RelWithDebInfo|x64.Build.0 = RelWithDebInfo|x64
		{4C65C598-BD85-3D4A-983A-43DAEA6E1F69}.Debug|x64.ActiveCfg = Debug|x64
		{4C65C598-BD85-3D4A-983A-43DAEA6E1F69}.Debug|x64.Build.0 = Debug|x64
		{4C65C598-BD85-3D4A-983A-43DAEA6E1F69}.Release|x64.ActiveCfg = Release|x64
		{4C65C598-BD85-3D4A-983A-43DAEA6E1F69}.Release|x64.Build.0 = Release|x64
		{4C65C598-BD85-3D4A-983A-43DAEA6E1F69}.MinSizeRel|x64.ActiveCfg = MinSizeRel|x64
		{4C65C598-BD85-3D4A-983A-43DAEA6E1F69}.MinSizeRel|x64.Build.0 = MinSizeRel|x64
		{4C65C598-BD85-3D4A-983A-43DAEA6E1F69}.RelWithDebInfo|x64.ActiveCfg = RelWithDebInfo|x64
		{4C65C598-BD85-3D4A-983A-43DAEA6E1F69}.RelWithDebInfo|x64.Build.0 = RelWithDebInfo|x64
		{7D53FA65-9C11-35E6-BE0F-ED5DCCD5E902}.Debug|x64.ActiveCfg = Debug|x64
		{7D53FA65-9C11-35E6-BE0F-ED5DCCD5E902}.Debug|x64.Build.0 = Debug|x64
		{7D53FA65-9C11-35E6-BE0F-ED5DCCD5E902}.Release|x64.ActiveCfg = Release|x64
		{7D53FA65-9C11-35E6-BE0F-ED5DCCD5E902}.Release|x64.Build.0 = Release|x64
		{7D53FA65-9C11-35E6-BE0F-ED5DCCD5E902}.MinSizeRel|x64.ActiveCfg = MinSizeRel|x64
		{7D53FA65-9C11-35E6-BE0F-ED5DCCD5E902}.MinSizeRel|x64.Build.0 = MinSizeRel|x64
		{7D53FA65-9C11-35E6-BE0F-ED5DCCD5E902}.RelWithDebInfo|x64.ActiveCfg = RelWithDebInfo|x64
		{7D53FA65-9C11-35E6-BE0F-ED5DCCD5E902}.RelWithDebInfo|x64.Build.0 = RelWithDebInfo|x64
		{D8EEA45D-B993-3598-BEAF-125DF3472FF5}.Debug|x64.ActiveCfg = Debug|x64
		{D8EEA45D-B993-3598-BEAF-125DF3472FF5}.Debug|x64.Build.0 = Debug|x64
		{D8EEA45D-B993-3598-BEAF-125DF3472FF5}.Release|x64.ActiveCfg = Release|x64
		{D8EEA45D-B993-3598-BEAF-125DF3472FF5}.Release|x64.Build.0 = Release|x64
		{D8EEA45D-B993-3598-BEAF-125DF3472FF5}.MinSizeRel|x64.ActiveCfg = MinSizeRel|x64
		{D8EEA45D-B993-3598-BEAF-125DF3472FF5}.MinSizeRel|x64.Build.0 = MinSizeRel|x64
		{D8EEA45D-B993-3598-BEAF-125DF3472FF5}.RelWithDebInfo|x64.ActiveCfg = RelWithDebInfo|x64
		{D8EEA45D-B993-3598-BEAF-125DF3472FF5}.RelWithDebInfo|x64.Build.0 = RelWithDebInfo|x64
		{B071219A-E5F0-308B-9718-2A08BD6C3185}.Debug|x64.ActiveCfg = Debug|x64
		{B071219A-E5F0-308B-9718-2A08BD6C3185}.Debug|x64.Build.0 = Debug|x64
		{B071219A-E5F0-308B-9718-2A08BD6C3185}.Release|x64.ActiveCfg = Release|x64
		{B071219A-E5F0-308B-9718-2A08BD6C3185}.Release|x64.Build.0 = Release|x64
		{B071219A-E5F0-308B-9718-2A08BD6C3185}.MinSizeRel|x64.ActiveCfg = MinSizeRel|x64
		{B071219A-E5F0-308B-9718-2A08BD6C3185}.MinSizeRel|x64.Build.0 = MinSizeRel|x64
		{B071219A-E5F0-308B-9718-2A08BD6C3185}.RelWithDebInfo|x64.ActiveCfg = RelWithDebInfo|x64
		{B071219A-E5F0-308B-9718-2A08BD6C3185}.RelWithDebInfo|x64.Build.0 = RelWithDebInfo|x64
		{DF920C46-81EC-3D39-BC60-598AFCFDD7BE}.Debug|x64.ActiveCfg = Debug|x64
		{DF920C46-81EC-3D39-BC60-598AFCFDD7BE}.Debug|x64.Build.0 = Debug|x64
		{DF920C46-81EC-3D39-BC60-598AFCFDD7BE}.Release|x64.ActiveCfg = Release|x64
		{DF920C46-81EC-3D39-BC60-598AFCFDD7BE}.Release|x64.Build.0 = Release|x64
		{DF920C46-81EC-3D39-BC60-598AFCFDD7BE}.MinSizeRel|x64.ActiveCfg = MinSizeRel|x64
		{DF920C46-81EC-3D39-BC60-598AFCFDD7BE}.MinSizeRel|x64.Build.0 = MinSizeRel|x64
		{DF920C46-81EC-3D39-BC60-598AFCFDD7BE}.RelWithDebInfo|x64.ActiveCfg = RelWithDebInfo|x64
		{DF920C46-81EC-3D39-BC60-598AFCFDD7BE}.RelWithDebInfo|x64.Build.0 = RelWithDebInfo|x64
		{1E3154BC-ABA0-3687-97B7-29FC15B4B801}.Debug|x64.ActiveCfg = Debug|x64
		{1E3154BC-ABA0-3687-97B7-29FC15B4B801}.Debug|x64.Build.0 = Debug|x64
		{1E3154BC-ABA0-3687-97B7-29FC15B4B801}.Release|x64.ActiveCfg = Release|x64
		{1E3154BC-ABA0-3687-97B7-29FC15B4B801}.Release|x64.Build.0 = Release|x64
		{1E3154BC-ABA0-3687-97B7-29FC15B4B801}.MinSizeRel|x64.ActiveCfg = MinSizeRel|x64
		{1E3154BC-ABA0-3687-97B7-29FC15B4B801}.MinSizeRel|x64.Build.0 = MinSizeRel|x64
		{1E3154BC-ABA0-3687-97B7-29FC15B4B801}.RelWithDebInfo|x64.ActiveCfg = RelWithDebInfo|x64
		{1E3154BC-ABA0-3687-97B7-29FC15B4B801}.RelWithDebInfo|x64.Build.0 = RelWithDebInfo|x64
		{35191878-0888-3908-B043-03E11478F2D0}.Debug|x64.ActiveCfg = Debug|x64
		{35191878-0888-3908-B043-03E11478F2D0}.Debug|x64.Build.0 = Debug|x64
		{35191878-0888-3908-B043-03E11478F2D0}.Release|x64.ActiveCfg = Release|x64
		{35191878-0888-3908-B043-03E11478F2D0}.Release|x64.Build.0 = Release|x64
		{35191878-0888-3908-B043-03E11478F2D0}.MinSizeRel|x64.ActiveCfg = MinSizeRel|x64
		{35191878-0888-3908-B043-03E11478F2D0}.MinSizeRel|x64.Build.0 = MinSizeRel|x64
		{35191878-0888-3908-B043-03E11478F2D0}.RelWithDebInfo|x64.ActiveCfg = RelWithDebInfo|x64
		{35191878-0888-3908-B043-03E11478F2D0}.RelWithDebInfo|x64.Build.0 = RelWithDebInfo|x64
		{C679CA13-DC01-3085-9FE6-4E511E0586D6}.Debug|x64.ActiveCfg = Debug|x64
		{C679CA13-DC01-3085-9FE6-4E511E0586D6}.Debug|x64.Build.0 = Debug|x64
		{C679CA13-DC01-3085-9FE6-4E511E0586D6}.Release|x64.ActiveCfg = Release|x64
		{C679CA13-DC01-3085-9FE6-4E511E0586D6}.Release|x64.Build.0 = Release|x64
		{C679CA13-DC01-3085-9FE6-4E511E0586D6}.MinSizeRel|x64.ActiveCfg = MinSizeRel|x64
		{C679CA13-DC01-3085-9FE6-4E511E0586D6}.MinSizeRel|x64.Build.0 = MinSizeRel|x64
		{C679CA13-DC01-3085-9FE6-4E511E0586D6}.RelWithDebInfo|x64.ActiveCfg = RelWithDebInfo|x64
		{C679CA13-DC01-3085-9FE6-4E511E0586D6}.RelWithDebInfo|x64.Build.0 = RelWithDebInfo|x64
		{E1E17E66-B710-3ABB-B665-D6B0DA059AF0}.Debug|x64.ActiveCfg = Debug|x64
		{E1E17E66-B710-3ABB-B665-D6B0DA059AF0}.Debug|x64.Build.0 = Debug|x64
		{E1E17E66-B710-3ABB-B665-D6B0DA059AF0}.Release|x64.ActiveCfg = Release|x64
		{E1E17E66-B710-3ABB-B665-D6B0DA059AF0}.Release|x64.Build.0 = Release|x64
		{E1E17E66-B710-3ABB-B665-D6B0DA059AF0}.MinSizeRel|x64.ActiveCfg = MinSizeRel|x64
		{E1E17E66-B710-3ABB-B665-D6B0DA059AF0}.MinSizeRel|x64.Build.0 = MinSizeRel|x64
		{E1E17E66-B710-3ABB-B665-D6B0DA059AF0}.RelWithDebInfo|x64.ActiveCfg = RelWithDebInfo|x64
		{E1E17E66-B710-3ABB-B665-D6B0DA059AF0}.RelWithDebInfo|x64.Build.0 = RelWithDebInfo|x64
		{C75DF4B7-6D6C-30B2-9310-460803CD6450}.Debug|x64.ActiveCfg = Debug|x64
		{C75DF4B7-6D6C-30B2-9310-460803CD6450}.Debug|x64.Build.0 = Debug|x64
		{C75DF4B7-6D6C-30B2-9310-460803CD6450}.Release|x64.ActiveCfg = Release|x64
		{C75DF4B7-6D6C-30B2-9310-460803CD6450}.Release|x64.Build.0 = Release|x64
		{C75DF4B7-6D6C-30B2-9310-460803CD6450}.MinSizeRel|x64.ActiveCfg = MinSizeRel|x64
		{C75DF4B7-6D6C-30B2-9310-460803CD6450}.MinSizeRel|x64.Build.0 = MinSizeRel|x64
		{C75DF4B7-6D6C-30B2-9310-460803CD6450}.RelWithDebInfo|x64.ActiveCfg = RelWithDebInfo|x64
		{C75DF4B7-6D6C-30B2-9310-460803CD6450}.RelWithDebInfo|x64.Build.0 = RelWithDebInfo|x64
		{A49D5B68-651C-3F4A-95D8-97A2050783BF}.Debug|x64.ActiveCfg = Debug|x64
		{A49D5B68-651C-3F4A-95D8-97A2050783BF}.Debug|x64.Build.0 = Debug|x64
		{A49D5B68-651C-3F4A-95D8-97A2050783BF}.Release|x64.ActiveCfg = Release|x64
		{A49D5B68-651C-3F4A-95D8-97A2050783BF}.Release|x64.Build.0 = Release|x64
		{A49D5B68-651C-3F4A-95D8-97A2050783BF}.MinSizeRel|x64.ActiveCfg = MinSizeRel|x64
		{A49D5B68-651C-3F4A-95D8-97A2050783BF}.MinSizeRel|x64.Build.0 = MinSizeRel|x64
		{A49D5B68-651C-3F4A-95D8-97A2050783BF}.RelWithDebInfo|x64.ActiveCfg = RelWithDebInfo|x64
		{A49D5B68-651C-3F4A-95D8-97A2050783BF}.RelWithDebInfo|x64.Build.0 = RelWithDebInfo|x64
		{7EE9C8CA-A8A7-3DDF-8B52-C68C1AF1AB7F}.Debug|x64.ActiveCfg = Debug|x64
		{7EE9C8CA-A8A7-3DDF-8B52-C68C1AF1AB7F}.Debug|x64.Build.0 = Debug|x64
		{7EE9C8CA-A8A7-3DDF-8B52-C68C1AF1AB7F}.Release|x64.ActiveCfg = Release|x64
		{7EE9C8CA-A8A7-3DDF-8B52-C68C1AF1AB7F}.Release|x64.Build.0 = Release|x64
		{7EE9C8CA-A8A7-3DDF-8B52-C68C1AF1AB7F}.MinSizeRel|x64.ActiveCfg = MinSizeRel|x64
		{7EE9C8CA-A8A7-3DDF-8B52-C68C1AF1AB7F}.MinSizeRel|x64.Build.0 = MinSizeRel|x64
		{7EE9C8CA-A8A7-3DDF-8B52-C68C1AF1AB7F}.RelWithDebInfo|x64.ActiveCfg = RelWithDebInfo|x64
		{7EE9C8CA-A8A7-3DDF-8B52-C68C1AF1AB7F}.RelWithDebInfo|x64.Build.0 = RelWithDebInfo|x64
		{4642019D-6832-3792-A1AE-D0DA05F28981}.Debug|x64.ActiveCfg = Debug|x64
		{4642019D-6832-3792-A1AE-D0DA05F28981}.Debug|x64.Build.0 = Debug|x64
		{4642019D-6832-3792-A1AE-D0DA05F28981}.Release|x64.ActiveCfg = Release|x64
		{4642019D-6832-3792-A1AE-D0DA05F28981}.Release|x64.Build.0 = Release|x64
		{4642019D-6832-3792-A1AE-D0DA05F28981}.MinSizeRel|x64.ActiveCfg = MinSizeRel|x64
		{4642019D-6832-3792-A1AE-D0DA05F28981}.MinSizeRel|x64.Build.0 = MinSizeRel|x64
		{4642019D-6832-3792-A1AE-D0DA05F28981}.RelWithDebInfo|x64.ActiveCfg = RelWithDebInfo|x64
		{4642019D-6832-3792-A1AE-D0DA05F28981}.RelWithDebInfo|x64.Build.0 = RelWithDebInfo|x64
		{0B77BA1D-5EAB-3AA2-A609-3807C2BF4241}.Debug|x64.ActiveCfg = Debug|x64
		{0B77BA1D-5EAB-3AA2-A609-3807C2BF4241}.Debug|x64.Build.0 = Debug|x64
		{0B77BA1D-5EAB-3AA2-A609-3807C2BF4241}.Release|x64.ActiveCfg = Release|x64
		{0B77BA1D-5EAB-3AA2-A609-3807C2BF4241}.Release|x64.Build.0 = Release|x64
		{0B77BA1D-5EAB-3AA2-A609-3807C2BF4241}.MinSizeRel|x64.ActiveCfg = MinSizeRel|x64
		{0B77BA1D-5EAB-3AA2-A609-3807C2BF4241}.MinSizeRel|x64.Build.0 = MinSizeRel|x64
		{0B77BA1D-5EAB-3AA2-A609-3807C2BF4241}.RelWithDebInfo|x64.ActiveCfg = RelWithDebInfo|x64
		{0B77BA1D-5EAB-3AA2-A609-3807C2BF4241}.RelWithDebInfo|x64.Build.0 = RelWithDebInfo|x64
		{5E9D5AC1-651E-3497-B8AC-76507BD9D0C8}.Debug|x64.ActiveCfg = Debug|x64
		{5E9D5AC1-651E-3497-B8AC-76507BD9D0C8}.Debug|x64.Build.0 = Debug|x64
		{5E9D5AC1-651E-3497-B8AC-76507BD9D0C8}.Release|x64.ActiveCfg = Release|x64
		{5E9D5AC1-651E-3497-B8AC-76507BD9D0C8}.Release|x64.Build.0 = Release|x64
		{5E9D5AC1-651E-3497-B8AC-76507BD9D0C8}.MinSizeRel|x64.ActiveCfg = MinSizeRel|x64
		{5E9D5AC1-651E-3497-B8AC-76507BD9D0C8}.MinSizeRel|x64.Build.0 = MinSizeRel|x64
		{5E9D5AC1-651E-3497-B8AC-76507BD9D0C8}.RelWithDebInfo|x64.ActiveCfg = RelWithDebInfo|x64
		{5E9D5AC1-651E-3497-B8AC-76507BD9D0C8}.RelWithDebInfo|x64.Build.0 = RelWithDebInfo|x64
		{252ADB42-8DF5-3D98-BB3E-FBEC42427866}.Debug|x64.ActiveCfg = Debug|x64
		{252ADB42-8DF5-3D98-BB3E-FBEC42427866}.Debug|x64.Build.0 = Debug|x64
		{252ADB42-8DF5-3D98-BB3E-FBEC42427866}.Release|x64.ActiveCfg = Release|x64
		{252ADB42-8DF5-3D98-BB3E-FBEC42427866}.Release|x64.Build.0 = Release|x64
		{252ADB42-8DF5-3D98-BB3E-FBEC42427866}.MinSizeRel|x64.ActiveCfg = MinSizeRel|x64
		{252ADB42-8DF5-3D98-BB3E-FBEC42427866}.MinSizeRel|x64.Build.0 = MinSizeRel|x64
		{252ADB42-8DF5-3D98-BB3E-FBEC42427866}.RelWithDebInfo|x64.ActiveCfg = RelWithDebInfo|x64
		{252ADB42-8DF5-3D98-BB3E-FBEC42427866}.RelWithDebInfo|x64.Build.0 = RelWithDebInfo|x64
		{BB0D4B7C-27F2-3AE9-82DD-41B4A7EF9D29}.Debug|x64.ActiveCfg = Debug|x64
		{BB0D4B7C-27F2-3AE9-82DD-41B4A7EF9D29}.Debug|x64.Build.0 = Debug|x64
		{BB0D4B7C-27F2-3AE9-82DD-41B4A7EF9D29}.Release|x64.ActiveCfg = Release|x64
		{BB0D4B7C-27F2-3AE9-82DD-41B4A7EF9D29}.Release|x64.Build.0 = Release|x64
		{BB0D4B7C-27F2-3AE9-82DD-41B4A7EF9D29}.MinSizeRel|x64.ActiveCfg = MinSizeRel|x64
		{BB0D4B7C-27F2-3AE9-82DD-41B4A7EF9D29}.MinSizeRel|x64.Build.0 = MinSizeRel|x64
		{BB0D4B7C-27F2-3AE9-82DD-41B4A7EF9D29}.RelWithDebInfo|x64.ActiveCfg = RelWithDebInfo|x64
		{BB0D4B7C-27F2-3AE9-82DD-41B4A7EF9D29}.RelWithDebInfo|x64.Build.0 = RelWithDebInfo|x64
		{B237D230-55F3-31BD-9846-F00E6F641888}.Debug|x64.ActiveCfg = Debug|x64
		{B237D230-55F3-31BD-9846-F00E6F641888}.Debug|x64.Build.0 = Debug|x64
		{B237D230-55F3-31BD-9846-F00E6F641888}.Release|x64.ActiveCfg = Release|x64
		{B237D230-55F3-31BD-9846-F00E6F641888}.Release|x64.Build.0 = Release|x64
		{B237D230-55F3-31BD-9846-F00E6F641888}.MinSizeRel|x64.ActiveCfg = MinSizeRel|x64
		{B237D230-55F3-31BD-9846-F00E6F641888}.MinSizeRel|x64.Build.0 = MinSizeRel|x64
		{B237D230-55F3-31BD-9846-F00E6F641888}.RelWithDebInfo|x64.ActiveCfg = RelWithDebInfo|x64
		{B237D230-55F3-31BD-9846-F00E6F641888}.RelWithDebInfo|x64.Build.0 = RelWithDebInfo|x64
		{E5D45498-C4C6-3418-A1FB-309C470D88FE}.Debug|x64.ActiveCfg = Debug|x64
		{E5D45498-C4C6-3418-A1FB-309C470D88FE}.Debug|x64.Build.0 = Debug|x64
		{E5D45498-C4C6-3418-A1FB-309C470D88FE}.Release|x64.ActiveCfg = Release|x64
		{E5D45498-C4C6-3418-A1FB-309C470D88FE}.Release|x64.Build.0 = Release|x64
		{E5D45498-C4C6-3418-A1FB-309C470D88FE}.MinSizeRel|x64.ActiveCfg = MinSizeRel|x64
		{E5D45498-C4C6-3418-A1FB-309C470D88FE}.MinSizeRel|x64.Build.0 = MinSizeRel|x64
		{E5D45498-C4C6-3418-A1FB-309C470D88FE}.RelWithDebInfo|x64.ActiveCfg = RelWithDebInfo|x64
		{E5D45498-C4C6-3418-A1FB-309C470D88FE}.RelWithDebInfo|x64.Build.0 = RelWithDebInfo|x64
		{C3FF7F4E-DC0A-3E62-A5D8-9478B16D250C}.Debug|x64.ActiveCfg = Debug|x64
		{C3FF7F4E-DC0A-3E62-A5D8-9478B16D250C}.Debug|x64.Build.0 = Debug|x64
		{C3FF7F4E-DC0A-3E62-A5D8-9478B16D250C}.Release|x64.ActiveCfg = Release|x64
		{C3FF7F4E-DC0A-3E62-A5D8-9478B16D250C}.Release|x64.Build.0 = Release|x64
		{C3FF7F4E-DC0A-3E62-A5D8-9478B16D250C}.MinSizeRel|x64.ActiveCfg = MinSizeRel|x64
		{C3FF7F4E-DC0A-3E62-A5D8-9478B16D250C}.MinSizeRel|x64.Build.0 = MinSizeRel|x64
		{C3FF7F4E-DC0A-3E62-A5D8-9478B16D250C}.RelWithDebInfo|x64.ActiveCfg = RelWithDebInfo|x64
		{C3FF7F4E-DC0A-3E62-A5D8-9478B16D250C}.RelWithDebInfo|x64.Build.0 = RelWithDebInfo|x64
		{79FC75C6-3A67-3EEE-B00D-FB0936EBAE0A}.Debug|x64.ActiveCfg = Debug|x64
		{79FC75C6-3A67-3EEE-B00D-FB0936EBAE0A}.Debug|x64.Build.0 = Debug|x64
		{79FC75C6-3A67-3EEE-B00D-FB0936EBAE0A}.Release|x64.ActiveCfg = Release|x64
		{79FC75C6-3A67-3EEE-B00D-FB0936EBAE0A}.Release|x64.Build.0 = Release|x64
		{79FC75C6-3A67-3EEE-B00D-FB0936EBAE0A}.MinSizeRel|x64.ActiveCfg = MinSizeRel|x64
		{79FC75C6-3A67-3EEE-B00D-FB0936EBAE0A}.MinSizeRel|x64.Build.0 = MinSizeRel|x64
		{79FC75C6-3A67-3EEE-B00D-FB0936EBAE0A}.RelWithDebInfo|x64.ActiveCfg = RelWithDebInfo|x64
		{79FC75C6-3A67-3EEE-B00D-FB0936EBAE0A}.RelWithDebInfo|x64.Build.0 = RelWithDebInfo|x64
		{C165FF60-438B-3140-A445-098100B11201}.Debug|x64.ActiveCfg = Debug|x64
		{C165FF60-438B-3140-A445-098100B11201}.Debug|x64.Build.0 = Debug|x64
		{C165FF60-438B-3140-A445-098100B11201}.Release|x64.ActiveCfg = Release|x64
		{C165FF60-438B-3140-A445-098100B11201}.Release|x64.Build.0 = Release|x64
		{C165FF60-438B-3140-A445-098100B11201}.MinSizeRel|x64.ActiveCfg = MinSizeRel|x64
		{C165FF60-438B-3140-A445-098100B11201}.MinSizeRel|x64.Build.0 = MinSizeRel|x64
		{C165FF60-438B-3140-A445-098100B11201}.RelWithDebInfo|x64.ActiveCfg = RelWithDebInfo|x64
		{C165FF60-438B-3140-A445-098100B11201}.RelWithDebInfo|x64.Build.0 = RelWithDebInfo|x64
		{49F2CDB9-2A1E-32CD-AC55-A6CE7AE79895}.Debug|x64.ActiveCfg = Debug|x64
		{49F2CDB9-2A1E-32CD-AC55-A6CE7AE79895}.Release|x64.ActiveCfg = Release|x64
		{49F2CDB9-2A1E-32CD-AC55-A6CE7AE79895}.MinSizeRel|x64.ActiveCfg = MinSizeRel|x64
		{49F2CDB9-2A1E-32CD-AC55-A6CE7AE79895}.RelWithDebInfo|x64.ActiveCfg = RelWithDebInfo|x64
		{246AFA24-2BB6-39E8-BB63-0CFD2666801F}.Debug|x64.ActiveCfg = Debug|x64
		{246AFA24-2BB6-39E8-BB63-0CFD2666801F}.Release|x64.ActiveCfg = Release|x64
		{246AFA24-2BB6-39E8-BB63-0CFD2666801F}.MinSizeRel|x64.ActiveCfg = MinSizeRel|x64
		{246AFA24-2BB6-39E8-BB63-0CFD2666801F}.RelWithDebInfo|x64.ActiveCfg = RelWithDebInfo|x64
		{F2889497-961D-3A04-880F-71D15E3B17AF}.Debug|x64.ActiveCfg = Debug|x64
		{F2889497-961D-3A04-880F-71D15E3B17AF}.Debug|x64.Build.0 = Debug|x64
		{F2889497-961D-3A04-880F-71D15E3B17AF}.Release|x64.ActiveCfg = Release|x64
		{F2889497-961D-3A04-880F-71D15E3B17AF}.Release|x64.Build.0 = Release|x64
		{F2889497-961D-3A04-880F-71D15E3B17AF}.MinSizeRel|x64.ActiveCfg = MinSizeRel|x64
		{F2889497-961D-3A04-880F-71D15E3B17AF}.MinSizeRel|x64.Build.0 = MinSizeRel|x64
		{F2889497-961D-3A04-880F-71D15E3B17AF}.RelWithDebInfo|x64.ActiveCfg = RelWithDebInfo|x64
		{F2889497-961D-3A04-880F-71D15E3B17AF}.RelWithDebInfo|x64.Build.0 = RelWithDebInfo|x64
		{8CF4336D-4491-36F0-8575-D6A40C8BEB99}.Debug|x64.ActiveCfg = Debug|x64
		{8CF4336D-4491-36F0-8575-D6A40C8BEB99}.Debug|x64.Build.0 = Debug|x64
		{8CF4336D-4491-36F0-8575-D6A40C8BEB99}.Release|x64.ActiveCfg = Release|x64
		{8CF4336D-4491-36F0-8575-D6A40C8BEB99}.Release|x64.Build.0 = Release|x64
		{8CF4336D-4491-36F0-8575-D6A40C8BEB99}.MinSizeRel|x64.ActiveCfg = MinSizeRel|x64
		{8CF4336D-4491-36F0-8575-D6A40C8BEB99}.MinSizeRel|x64.Build.0 = MinSizeRel|x64
		{8CF4336D-4491-36F0-8575-D6A40C8BEB99}.RelWithDebInfo|x64.ActiveCfg = RelWithDebInfo|x64
		{8CF4336D-4491-36F0-8575-D6A40C8BEB99}.RelWithDebInfo|x64.Build.0 = RelWithDebInfo|x64
	EndGlobalSection
	GlobalSection(NestedProjects) = preSolution
		{EDE58C73-A84E-36F2-9BB5-F2A51290F542} = {0CC1A703-3005-31AC-88F3-13D036805927}
		{22A43439-AE25-30AC-AB9B-F31D3E8C2B20} = {0CC1A703-3005-31AC-88F3-13D036805927}
		{32982B2D-2CFF-3334-8759-D3EACBF9D6A2} = {0CC1A703-3005-31AC-88F3-13D036805927}
		{3C756914-378B-3BA9-8984-1519B6B41487} = {AC2AEBF0-137C-32B6-893D-8CDE7E9B45C0}
		{E0A2EA63-4EDC-32B8-BC83-83054FB125CF} = {AC2AEBF0-137C-32B6-893D-8CDE7E9B45C0}
		{7D53FA65-9C11-35E6-BE0F-ED5DCCD5E902} = {AC2AEBF0-137C-32B6-893D-8CDE7E9B45C0}
		{49F2CDB9-2A1E-32CD-AC55-A6CE7AE79895} = {AC2AEBF0-137C-32B6-893D-8CDE7E9B45C0}
		{246AFA24-2BB6-39E8-BB63-0CFD2666801F} = {AC2AEBF0-137C-32B6-893D-8CDE7E9B45C0}
		{6D4951C9-E37D-3077-8ADB-950799E99FBD} = {3C756914-378B-3BA9-8984-1519B6B41487}
		{4C65C598-BD85-3D4A-983A-43DAEA6E1F69} = {3C756914-378B-3BA9-8984-1519B6B41487}
		{B071219A-E5F0-308B-9718-2A08BD6C3185} = {3C756914-378B-3BA9-8984-1519B6B41487}
		{A49D5B68-651C-3F4A-95D8-97A2050783BF} = {3C756914-378B-3BA9-8984-1519B6B41487}
		{4642019D-6832-3792-A1AE-D0DA05F28981} = {3C756914-378B-3BA9-8984-1519B6B41487}
		{5E9D5AC1-651E-3497-B8AC-76507BD9D0C8} = {3C756914-378B-3BA9-8984-1519B6B41487}
		{252ADB42-8DF5-3D98-BB3E-FBEC42427866} = {3C756914-378B-3BA9-8984-1519B6B41487}
		{BB0D4B7C-27F2-3AE9-82DD-41B4A7EF9D29} = {3C756914-378B-3BA9-8984-1519B6B41487}
		{F2889497-961D-3A04-880F-71D15E3B17AF} = {3C756914-378B-3BA9-8984-1519B6B41487}
		{D336DFC2-0F36-3281-AA22-529F834DAB99} = {E0A2EA63-4EDC-32B8-BC83-83054FB125CF}
		{352D3BF5-CC16-37DF-8B83-ADE09B41F6FC} = {E0A2EA63-4EDC-32B8-BC83-83054FB125CF}
		{C010BF00-3D3D-3D78-AA96-6D023F71EB61} = {E0A2EA63-4EDC-32B8-BC83-83054FB125CF}
		{BDA170F7-855F-3980-8283-1A3C40C96961} = {E0A2EA63-4EDC-32B8-BC83-83054FB125CF}
		{06722E4F-4D02-3C04-BA17-A3E890FF38BE} = {E0A2EA63-4EDC-32B8-BC83-83054FB125CF}
		{D8EEA45D-B993-3598-BEAF-125DF3472FF5} = {E0A2EA63-4EDC-32B8-BC83-83054FB125CF}
		{DF920C46-81EC-3D39-BC60-598AFCFDD7BE} = {E0A2EA63-4EDC-32B8-BC83-83054FB125CF}
		{1E3154BC-ABA0-3687-97B7-29FC15B4B801} = {E0A2EA63-4EDC-32B8-BC83-83054FB125CF}
		{35191878-0888-3908-B043-03E11478F2D0} = {E0A2EA63-4EDC-32B8-BC83-83054FB125CF}
		{C679CA13-DC01-3085-9FE6-4E511E0586D6} = {E0A2EA63-4EDC-32B8-BC83-83054FB125CF}
		{E1E17E66-B710-3ABB-B665-D6B0DA059AF0} = {E0A2EA63-4EDC-32B8-BC83-83054FB125CF}
		{C75DF4B7-6D6C-30B2-9310-460803CD6450} = {E0A2EA63-4EDC-32B8-BC83-83054FB125CF}
		{7EE9C8CA-A8A7-3DDF-8B52-C68C1AF1AB7F} = {E0A2EA63-4EDC-32B8-BC83-83054FB125CF}
		{0B77BA1D-5EAB-3AA2-A609-3807C2BF4241} = {E0A2EA63-4EDC-32B8-BC83-83054FB125CF}
		{B237D230-55F3-31BD-9846-F00E6F641888} = {E0A2EA63-4EDC-32B8-BC83-83054FB125CF}
		{E5D45498-C4C6-3418-A1FB-309C470D88FE} = {E0A2EA63-4EDC-32B8-BC83-83054FB125CF}
		{C3FF7F4E-DC0A-3E62-A5D8-9478B16D250C} = {E0A2EA63-4EDC-32B8-BC83-83054FB125CF}
		{79FC75C6-3A67-3EEE-B00D-FB0936EBAE0A} = {E0A2EA63-4EDC-32B8-BC83-83054FB125CF}
		{C165FF60-438B-3140-A445-098100B11201} = {E0A2EA63-4EDC-32B8-BC83-83054FB125CF}
		{8CF4336D-4491-36F0-8575-D6A40C8BEB99} = {E0A2EA63-4EDC-32B8-BC83-83054FB125CF}
	EndGlobalSection
	GlobalSection(ExtensibilityGlobals) = postSolution
		SolutionGuid = {C901C95D-CE7C-35C1-9129-0A64E6A4E317}
	EndGlobalSection
	GlobalSection(ExtensibilityAddIns) = postSolution
	EndGlobalSection
EndGlobal
